Microsoft Visual Studio Solution File, Format Version 12.00
# Visual Studio Version 17
VisualStudioVersion = 17.5.2.0
MinimumVisualStudioVersion = 10.0.40219.1
Project("{FAE04EC0-301F-11D3-BF4B-00C04F79EFBC}") = "ArmstrongNumber2", "ArmstrongNumber2.csproj", "{818ED665-D624-5CE6-BFA6-001080A48971}"
EndProject
Global
	GlobalSection(SolutionConfigurationPlatforms) = preSolution
		Debug|Any CPU = Debug|Any CPU
		Release|Any CPU = Release|Any CPU
	EndGlobalSection
	GlobalSection(ProjectConfigurationPlatforms) = postSolution
		{818ED665-D624-5CE6-BFA6-001080A48971}.Debug|Any CPU.ActiveCfg = Debug|Any CPU
		{818ED665-D624-5CE6-BFA6-001080A48971}.Debug|Any CPU.Build.0 = Debug|Any CPU
		{818ED665-D624-5CE6-BFA6-001080A48971}.Release|Any CPU.ActiveCfg = Release|Any CPU
		{818ED665-D624-5CE6-BFA6-001080A48971}.Release|Any CPU.Build.0 = Release|Any CPU
	EndGlobalSection
	GlobalSection(SolutionProperties) = preSolution
		HideSolutionNode = FALSE
	EndGlobalSection
	GlobalSection(ExtensibilityGlobals) = postSolution
		SolutionGuid = {4E9875CC-D8EB-4E3A-B44A-7722F57348E3}
	EndGlobalSection
EndGlobal
